
Microsoft Visual Studio Solution File, Format Version 11.00
# Visual Studio 2010
Project("{FAE04EC0-301F-11D3-BF4B-00C04F79EFBC}") = "Assembly-CSharp-firstpass", "Assembly-CSharp-firstpass.csproj", "{da01630d-c9f3-2490-7431-4be019f7947e}"
EndProject
Project("{FAE04EC0-301F-11D3-BF4B-00C04F79EFBC}") = "Assembly-CSharp", "Assembly-CSharp.csproj", "{592372d5-1c34-1a79-0630-f1baea6a504b}"
EndProject
Project("{FAE04EC0-301F-11D3-BF4B-00C04F79EFBC}") = "Unity.XR.Interaction.Toolkit.Samples.StarterAssets", "Unity.XR.Interaction.Toolkit.Samples.StarterAssets.csproj", "{697ddbab-9915-0a38-86ee-ee908644682b}"
EndProject
Project("{FAE04EC0-301F-11D3-BF4B-00C04F79EFBC}") = "Assembly-CSharp-Editor", "Assembly-CSharp-Editor.csproj", "{a96a9cd0-08a1-8651-09b4-17e708adc8ae}"
EndProject
Global
	GlobalSection(SolutionConfigurationPlatforms) = preSolution
		Debug|Any CPU = Debug|Any CPU
	EndGlobalSection
	GlobalSection(ProjectConfigurationPlatforms) = postSolution
		{da01630d-c9f3-2490-7431-4be019f7947e}.Debug|Any CPU.ActiveCfg = Debug|Any CPU
		{da01630d-c9f3-2490-7431-4be019f7947e}.Debug|Any CPU.Build.0 = Debug|Any CPU
		{592372d5-1c34-1a79-0630-f1baea6a504b}.Debug|Any CPU.ActiveCfg = Debug|Any CPU
		{592372d5-1c34-1a79-0630-f1baea6a504b}.Debug|Any CPU.Build.0 = Debug|Any CPU
		{697ddbab-9915-0a38-86ee-ee908644682b}.Debug|Any CPU.ActiveCfg = Debug|Any CPU
		{697ddbab-9915-0a38-86ee-ee908644682b}.Debug|Any CPU.Build.0 = Debug|Any CPU
		{a96a9cd0-08a1-8651-09b4-17e708adc8ae}.Debug|Any CPU.ActiveCfg = Debug|Any CPU
		{a96a9cd0-08a1-8651-09b4-17e708adc8ae}.Debug|Any CPU.Build.0 = Debug|Any CPU
	EndGlobalSection
	GlobalSection(SolutionProperties) = preSolution
		HideSolutionNode = FALSE
	EndGlobalSection
EndGlobal
